
Microsoft Visual Studio Solution File, Format Version 12.00
# Visual Studio Version 17
VisualStudioVersion = 17.7.34024.191
MinimumVisualStudioVersion = 10.0.40219.1
Project("{9A19103F-16F7-4668-BE54-9A1E7A4F7556}") = "Reservoom", "Reservoom\Reservoom.csproj", "{83E77676-DF94-485F-B482-0850E499DFD7}"
EndProject
Global
	GlobalSection(SolutionConfigurationPlatforms) = preSolution
		Debug|Any CPU = Debug|Any CPU
		Release|Any CPU = Release|Any CPU
	EndGlobalSection
	GlobalSection(ProjectConfigurationPlatforms) = postSolution
		{83E77676-DF94-485F-B482-0850E499DFD7}.Debug|Any CPU.ActiveCfg = Debug|Any CPU
		{83E77676-DF94-485F-B482-0850E499DFD7}.Debug|Any CPU.Build.0 = Debug|Any CPU
		{83E77676-DF94-485F-B482-0850E499DFD7}.Release|Any CPU.ActiveCfg = Release|Any CPU
		{83E77676-DF94-485F-B482-0850E499DFD7}.Release|Any CPU.Build.0 = Release|Any CPU
	EndGlobalSection
	GlobalSection(SolutionProperties) = preSolution
		HideSolutionNode = FALSE
	EndGlobalSection
	GlobalSection(ExtensibilityGlobals) = postSolution
		SolutionGuid = {2087278F-CDEC-487A-BC6E-77FB196B9B5C}
	EndGlobalSection
EndGlobal
